# This file was autogenerated by Stack.
# You should not edit this file by hand.
# For more information, please see the documentation at:
#   https://docs.haskellstack.org/en/stable/lock_files

packages:
- completed:
    hackage: Yampa-0.13.7@sha256:615639c277590d1a5e3fa11b67c39c63433133bb8cd882ea2fedf74be94c3168,6676
    pantry-tree:
      size: 2168
      sha256: 35bb62f063c3568eb32a8794585f7aa6a3dd89c29ee8b4df3ff61fa7e631b907
  original:
    hackage: Yampa-0.13.7
- completed:
    hackage: dir-traverse-0.2.3.0@sha256:adcc128f201ff95131b15ffe41365dc99c50dc3fa3a910f021521dc734013bfa,2137
    pantry-tree:
      size: 389
      sha256: b19f0562746dfd0f8f21eccab6584592f55fb781ca3e043da9132cc23d8a5b99
  original:
    hackage: dir-traverse-0.2.3.0
- completed:
    hackage: ldtk-types-1.2.3@sha256:17e2e422042da6b6870f4559b29e81434f67373ac5eefe56e0ce65d5a28746ff,2235
    pantry-tree:
      size: 415
      sha256: 428241f3fe5eb428c9baa590fd2a5ce6ef9cc211bce1f7597b3517d057798303
  original:
    hackage: ldtk-types-1.2.3
- completed:
    name: cabal-appimage
    version: 0.3.0.5
    git: https://github.com/gbrsales/cabal-appimage.git
    pantry-tree:
      size: 599
      sha256: 7e572b65331d8ace4b787869bb45d705022b5f5ca295528958e65096ad506078
    commit: 0f0cf1d14d0e00abd089be0b63213bb505fb1499
  original:
    git: https://github.com/gbrsales/cabal-appimage.git
    commit: 0f0cf1d14d0e00abd089be0b63213bb505fb1499
snapshots:
- completed:
    size: 586296
    url: https://raw.githubusercontent.com/commercialhaskell/stackage-snapshots/master/lts/18/18.yaml
    sha256: 63539429076b7ebbab6daa7656cfb079393bf644971156dc349d7c0453694ac2
  original: lts-18.18
