# This file was autogenerated by Stack.
# You should not edit this file by hand.
# For more information, please see the documentation at:
#   https://docs.haskellstack.org/en/stable/lock_files

packages:
- completed:
    hackage: Yampa-0.13.7@sha256:615639c277590d1a5e3fa11b67c39c63433133bb8cd882ea2fedf74be94c3168,6676
    pantry-tree:
      size: 2168
      sha256: 35bb62f063c3568eb32a8794585f7aa6a3dd89c29ee8b4df3ff61fa7e631b907
  original:
    hackage: Yampa-0.13.7
snapshots:
- completed:
    size: 586296
    url: https://raw.githubusercontent.com/commercialhaskell/stackage-snapshots/master/lts/18/18.yaml
    sha256: 63539429076b7ebbab6daa7656cfb079393bf644971156dc349d7c0453694ac2
  original: lts-18.18
